# This file is automatically @generated by Cargo.
# It is not intended for manual editing.
version = 3

[[package]]
name = "shbt-core-math"
version = "0.1.0"

[[package]]
name = "shbt-dielectric-floquet"
version = "0.1.0"
dependencies = [
 "shbt-core-math",
]

[[package]]
name = "shbt-fabrication-hil"
version = "0.1.0"
dependencies = [
 "shbt-core-math",
 "shbt-dielectric-floquet",
 "shbt-fea-structural",
 "shbt-metrology-gum",
 "shbt-rcwa-optics",
]

[[package]]
name = "shbt-fea-structural"
version = "0.1.0"
dependencies = [
 "shbt-core-math",
]

[[package]]
name = "shbt-metrology-gum"
version = "0.1.0"
dependencies = [
 "shbt-core-math",
]

[[package]]
name = "shbt-rcwa-optics"
version = "0.1.0"
dependencies = [
 "shbt-core-math",
]
